<?xml version="1.0" encoding="utf-8"?>
<Project ToolsVersion="4.0" xmlns="http://schemas.microsoft.com/developer/msbuild/2003">
  <ItemGroup>
    <Filter Include="FileTree">
      <UniqueIdentifier>{d913c8c7-fa5d-4b93-a990-5cb22060253b}</UniqueIdentifier>
    </Filter>
    <Filter Include="Main">
      <UniqueIdentifier>{632e7a4e-326c-41b6-875d-874c442ec4f1}</UniqueIdentifier>
    </Filter>
  </ItemGroup>
  <ItemGroup>
    <ClCompile Include="..\src\FileTree.cpp">
      <Filter>FileTree</Filter>
    </ClCompile>
    <ClCompile Include="..\src\main.cpp">
      <Filter>Main</Filter>
    </ClCompile>
  </ItemGroup>
  <ItemGroup>
    <ClInclude Include="..\src\FileTree.h">
      <Filter>FileTree</Filter>
    </ClInclude>
    <ClInclude Include="..\src\main.h">
      <Filter>Main</Filter>
    </ClInclude>
  </ItemGroup>
</Project>